
Microsoft Visual Studio Solution File, Format Version 12.00
# Visual Studio Version 17
VisualStudioVersion = 17.12.35707.178
MinimumVisualStudioVersion = 10.0.40219.1
Project("{FAE04EC0-301F-11D3-BF4B-00C04F79EFBC}") = "CinemaManagementSystem", "CinemaManagementSystem\CinemaManagementSystem.csproj", "{9E2C75FF-6E83-4217-94CE-0CE3615EB0C5}"
EndProject
Project("{FAE04EC0-301F-11D3-BF4B-00C04F79EFBC}") = "CinemaManagementSystem.Core", "Data\CinemaManagementSystem.Core.csproj", "{0B372158-83BB-47B4-8978-B91CFC328CB7}"
EndProject
Project("{FAE04EC0-301F-11D3-BF4B-00C04F79EFBC}") = "CinemaManagementSystem.Infrastructure", "CinemaManagementSystem.Infrastructure\CinemaManagementSystem.Infrastructure.csproj", "{4E8456D1-F362-4F73-A874-33BA41CC4EDB}"
EndProject
Project("{FAE04EC0-301F-11D3-BF4B-00C04F79EFBC}") = "CinemaManagementSystem.WebAPI", "CinemaManagementSystem.WebAPI\CinemaManagementSystem.WebAPI.csproj", "{DDDD08E0-F028-4A76-BA6D-B9A6BCE2D517}"
EndProject
Project("{FAE04EC0-301F-11D3-BF4B-00C04F79EFBC}") = "CinemaManagementSystem.Test", "CinemaManagementSystem.Test\CinemaManagementSystem.Test.csproj", "{45B18398-98E8-4D8B-AB82-8B323E537303}"
EndProject
Project("{FAE04EC0-301F-11D3-BF4B-00C04F79EFBC}") = "Application", "Application\Application.csproj", "{9A720163-7999-4A93-9DF3-B94DD1056DA2}"
EndProject
Project("{FAE04EC0-301F-11D3-BF4B-00C04F79EFBC}") = "Contracts", "Contracts\Contracts.csproj", "{FE3D15C2-6CF8-41BF-A6B9-8C1EC71A4C42}"
EndProject
Project("{FAE04EC0-301F-11D3-BF4B-00C04F79EFBC}") = "Shared", "Shared\Shared.csproj", "{8AC34DA1-B218-4FD0-BCF4-E380ED3D5F5B}"
EndProject
Global
	GlobalSection(SolutionConfigurationPlatforms) = preSolution
		Debug|Any CPU = Debug|Any CPU
		Release|Any CPU = Release|Any CPU
	EndGlobalSection
	GlobalSection(ProjectConfigurationPlatforms) = postSolution
		{9E2C75FF-6E83-4217-94CE-0CE3615EB0C5}.Debug|Any CPU.ActiveCfg = Debug|Any CPU
		{9E2C75FF-6E83-4217-94CE-0CE3615EB0C5}.Debug|Any CPU.Build.0 = Debug|Any CPU
		{9E2C75FF-6E83-4217-94CE-0CE3615EB0C5}.Release|Any CPU.ActiveCfg = Release|Any CPU
		{9E2C75FF-6E83-4217-94CE-0CE3615EB0C5}.Release|Any CPU.Build.0 = Release|Any CPU
		{0B372158-83BB-47B4-8978-B91CFC328CB7}.Debug|Any CPU.ActiveCfg = Debug|Any CPU
		{0B372158-83BB-47B4-8978-B91CFC328CB7}.Debug|Any CPU.Build.0 = Debug|Any CPU
		{0B372158-83BB-47B4-8978-B91CFC328CB7}.Release|Any CPU.ActiveCfg = Release|Any CPU
		{0B372158-83BB-47B4-8978-B91CFC328CB7}.Release|Any CPU.Build.0 = Release|Any CPU
		{4E8456D1-F362-4F73-A874-33BA41CC4EDB}.Debug|Any CPU.ActiveCfg = Debug|Any CPU
		{4E8456D1-F362-4F73-A874-33BA41CC4EDB}.Debug|Any CPU.Build.0 = Debug|Any CPU
		{4E8456D1-F362-4F73-A874-33BA41CC4EDB}.Release|Any CPU.ActiveCfg = Release|Any CPU
		{4E8456D1-F362-4F73-A874-33BA41CC4EDB}.Release|Any CPU.Build.0 = Release|Any CPU
		{DDDD08E0-F028-4A76-BA6D-B9A6BCE2D517}.Debug|Any CPU.ActiveCfg = Debug|Any CPU
		{DDDD08E0-F028-4A76-BA6D-B9A6BCE2D517}.Debug|Any CPU.Build.0 = Debug|Any CPU
		{DDDD08E0-F028-4A76-BA6D-B9A6BCE2D517}.Release|Any CPU.ActiveCfg = Release|Any CPU
		{DDDD08E0-F028-4A76-BA6D-B9A6BCE2D517}.Release|Any CPU.Build.0 = Release|Any CPU
		{45B18398-98E8-4D8B-AB82-8B323E537303}.Debug|Any CPU.ActiveCfg = Debug|Any CPU
		{45B18398-98E8-4D8B-AB82-8B323E537303}.Debug|Any CPU.Build.0 = Debug|Any CPU
		{45B18398-98E8-4D8B-AB82-8B323E537303}.Release|Any CPU.ActiveCfg = Release|Any CPU
		{45B18398-98E8-4D8B-AB82-8B323E537303}.Release|Any CPU.Build.0 = Release|Any CPU
		{9A720163-7999-4A93-9DF3-B94DD1056DA2}.Debug|Any CPU.ActiveCfg = Debug|Any CPU
		{9A720163-7999-4A93-9DF3-B94DD1056DA2}.Debug|Any CPU.Build.0 = Debug|Any CPU
		{9A720163-7999-4A93-9DF3-B94DD1056DA2}.Release|Any CPU.ActiveCfg = Release|Any CPU
		{9A720163-7999-4A93-9DF3-B94DD1056DA2}.Release|Any CPU.Build.0 = Release|Any CPU
		{FE3D15C2-6CF8-41BF-A6B9-8C1EC71A4C42}.Debug|Any CPU.ActiveCfg = Debug|Any CPU
		{FE3D15C2-6CF8-41BF-A6B9-8C1EC71A4C42}.Debug|Any CPU.Build.0 = Debug|Any CPU
		{FE3D15C2-6CF8-41BF-A6B9-8C1EC71A4C42}.Release|Any CPU.ActiveCfg = Release|Any CPU
		{FE3D15C2-6CF8-41BF-A6B9-8C1EC71A4C42}.Release|Any CPU.Build.0 = Release|Any CPU
		{8AC34DA1-B218-4FD0-BCF4-E380ED3D5F5B}.Debug|Any CPU.ActiveCfg = Debug|Any CPU
		{8AC34DA1-B218-4FD0-BCF4-E380ED3D5F5B}.Debug|Any CPU.Build.0 = Debug|Any CPU
		{8AC34DA1-B218-4FD0-BCF4-E380ED3D5F5B}.Release|Any CPU.ActiveCfg = Release|Any CPU
		{8AC34DA1-B218-4FD0-BCF4-E380ED3D5F5B}.Release|Any CPU.Build.0 = Release|Any CPU
	EndGlobalSection
	GlobalSection(SolutionProperties) = preSolution
		HideSolutionNode = FALSE
	EndGlobalSection
EndGlobal
